
Microsoft Visual Studio Solution File, Format Version 12.00
# Visual Studio Version 16
VisualStudioVersion = 16.0.31729.503
MinimumVisualStudioVersion = 10.0.40219.1
Project("{FAE04EC0-301F-11D3-BF4B-00C04F79EFBC}") = "DesafioDevBackEnd.API", "DesafioDevBackEnd\DesafioDevBackEnd.API.csproj", "{CA8A002F-3931-4009-BCB6-71C4BD1C4567}"
EndProject
Project("{FAE04EC0-301F-11D3-BF4B-00C04F79EFBC}") = "DesafioDevBackEnd.Domain", "DesafioDevBackEnd.Domain\DesafioDevBackEnd.Domain.csproj", "{C7889FED-4379-4A9B-98F9-101A5BAC7B0E}"
EndProject
Project("{FAE04EC0-301F-11D3-BF4B-00C04F79EFBC}") = "DesafioDevBackEnd.Infrastructure", "DesafioDevBackEnd.Infrastructure\DesafioDevBackEnd.Infrastructure.csproj", "{B83944C5-52EA-4A4F-AF58-BEFE6F91C333}"
EndProject
Project("{FAE04EC0-301F-11D3-BF4B-00C04F79EFBC}") = "DesafioDevBackEnd.Service", "DesafioDevBackEnd.Service\DesafioDevBackEnd.Service.csproj", "{39D29B38-17A2-44FD-8972-E1F9C54590F1}"
EndProject
Project("{FAE04EC0-301F-11D3-BF4B-00C04F79EFBC}") = "DesafioDevBackEnd.Application", "DesafioDevBackEnd.Application\DesafioDevBackEnd.Application.csproj", "{99BEBA54-A644-4CCB-A3B1-52006E76FA1E}"
EndProject
Project("{FAE04EC0-301F-11D3-BF4B-00C04F79EFBC}") = "DesafioDevBackEnd.Tests", "DesafioDevBackEnd.Tests\DesafioDevBackEnd.Tests.csproj", "{41009B84-F079-45B6-9AC2-CA7296F4C341}"
EndProject
Global
	GlobalSection(SolutionConfigurationPlatforms) = preSolution
		Debug|Any CPU = Debug|Any CPU
		Release|Any CPU = Release|Any CPU
	EndGlobalSection
	GlobalSection(ProjectConfigurationPlatforms) = postSolution
		{CA8A002F-3931-4009-BCB6-71C4BD1C4567}.Debug|Any CPU.ActiveCfg = Debug|Any CPU
		{CA8A002F-3931-4009-BCB6-71C4BD1C4567}.Debug|Any CPU.Build.0 = Debug|Any CPU
		{CA8A002F-3931-4009-BCB6-71C4BD1C4567}.Release|Any CPU.ActiveCfg = Release|Any CPU
		{CA8A002F-3931-4009-BCB6-71C4BD1C4567}.Release|Any CPU.Build.0 = Release|Any CPU
		{C7889FED-4379-4A9B-98F9-101A5BAC7B0E}.Debug|Any CPU.ActiveCfg = Debug|Any CPU
		{C7889FED-4379-4A9B-98F9-101A5BAC7B0E}.Debug|Any CPU.Build.0 = Debug|Any CPU
		{C7889FED-4379-4A9B-98F9-101A5BAC7B0E}.Release|Any CPU.ActiveCfg = Release|Any CPU
		{C7889FED-4379-4A9B-98F9-101A5BAC7B0E}.Release|Any CPU.Build.0 = Release|Any CPU
		{B83944C5-52EA-4A4F-AF58-BEFE6F91C333}.Debug|Any CPU.ActiveCfg = Debug|Any CPU
		{B83944C5-52EA-4A4F-AF58-BEFE6F91C333}.Debug|Any CPU.Build.0 = Debug|Any CPU
		{B83944C5-52EA-4A4F-AF58-BEFE6F91C333}.Release|Any CPU.ActiveCfg = Release|Any CPU
		{B83944C5-52EA-4A4F-AF58-BEFE6F91C333}.Release|Any CPU.Build.0 = Release|Any CPU
		{39D29B38-17A2-44FD-8972-E1F9C54590F1}.Debug|Any CPU.ActiveCfg = Debug|Any CPU
		{39D29B38-17A2-44FD-8972-E1F9C54590F1}.Debug|Any CPU.Build.0 = Debug|Any CPU
		{39D29B38-17A2-44FD-8972-E1F9C54590F1}.Release|Any CPU.ActiveCfg = Release|Any CPU
		{39D29B38-17A2-44FD-8972-E1F9C54590F1}.Release|Any CPU.Build.0 = Release|Any CPU
		{99BEBA54-A644-4CCB-A3B1-52006E76FA1E}.Debug|Any CPU.ActiveCfg = Debug|Any CPU
		{99BEBA54-A644-4CCB-A3B1-52006E76FA1E}.Debug|Any CPU.Build.0 = Debug|Any CPU
		{99BEBA54-A644-4CCB-A3B1-52006E76FA1E}.Release|Any CPU.ActiveCfg = Release|Any CPU
		{99BEBA54-A644-4CCB-A3B1-52006E76FA1E}.Release|Any CPU.Build.0 = Release|Any CPU
		{41009B84-F079-45B6-9AC2-CA7296F4C341}.Debug|Any CPU.ActiveCfg = Debug|Any CPU
		{41009B84-F079-45B6-9AC2-CA7296F4C341}.Debug|Any CPU.Build.0 = Debug|Any CPU
		{41009B84-F079-45B6-9AC2-CA7296F4C341}.Release|Any CPU.ActiveCfg = Release|Any CPU
		{41009B84-F079-45B6-9AC2-CA7296F4C341}.Release|Any CPU.Build.0 = Release|Any CPU
	EndGlobalSection
	GlobalSection(SolutionProperties) = preSolution
		HideSolutionNode = FALSE
	EndGlobalSection
	GlobalSection(ExtensibilityGlobals) = postSolution
		SolutionGuid = {F0C179C0-1F6F-4DAB-973C-21CECD1507CC}
	EndGlobalSection
EndGlobal
